
Microsoft Visual Studio Solution File, Format Version 12.00
# Visual Studio Version 16
VisualStudioVersion = 16.0.32802.440
MinimumVisualStudioVersion = 10.0.40219.1
Project("{8BC9CEB8-8B4A-11D0-8D11-00A0C91BC942}") = "RPC_Stub", "dllrs\dllrs.vcxproj", "{AAB75969-92BA-4632-9F78-AF52FA2BCE1E}"
EndProject
Global
	GlobalSection(SolutionConfigurationPlatforms) = preSolution
		Debug|x64 = Debug|x64
		Debug|x86 = Debug|x86
		Release|x64 = Release|x64
		Release|x86 = Release|x86
	EndGlobalSection
	GlobalSection(ProjectConfigurationPlatforms) = postSolution
		{AAB75969-92BA-4632-9F78-AF52FA2BCE1E}.Debug|x64.ActiveCfg = Debug|x64
		{AAB75969-92BA-4632-9F78-AF52FA2BCE1E}.Debug|x64.Build.0 = Debug|x64
		{AAB75969-92BA-4632-9F78-AF52FA2BCE1E}.Debug|x86.ActiveCfg = Debug|Win32
		{AAB75969-92BA-4632-9F78-AF52FA2BCE1E}.Debug|x86.Build.0 = Debug|Win32
		{AAB75969-92BA-4632-9F78-AF52FA2BCE1E}.Release|x64.ActiveCfg = Release|x64
		{AAB75969-92BA-4632-9F78-AF52FA2BCE1E}.Release|x64.Build.0 = Release|x64
		{AAB75969-92BA-4632-9F78-AF52FA2BCE1E}.Release|x86.ActiveCfg = Release|Win32
		{AAB75969-92BA-4632-9F78-AF52FA2BCE1E}.Release|x86.Build.0 = Release|Win32
	EndGlobalSection
	GlobalSection(SolutionProperties) = preSolution
		HideSolutionNode = FALSE
	EndGlobalSection
	GlobalSection(ExtensibilityGlobals) = postSolution
		SolutionGuid = {210A3EE2-C59B-49CC-B65F-5F9DCE81375B}
	EndGlobalSection
EndGlobal
